
Microsoft Visual Studio Solution File, Format Version 12.00
# Visual Studio Version 16
VisualStudioVersion = 16.0.33130.400
MinimumVisualStudioVersion = 10.0.40219.1
Project("{FAE04EC0-301F-11D3-BF4B-00C04F79EFBC}") = "Progeto-Estoque", "Progeto-Estoque.csproj", "{B1717984-F665-43D2-A395-258BD865DE9C}"
EndProject
Global
	GlobalSection(SolutionConfigurationPlatforms) = preSolution
		Debug|Any CPU = Debug|Any CPU
		Release|Any CPU = Release|Any CPU
	EndGlobalSection
	GlobalSection(ProjectConfigurationPlatforms) = postSolution
		{B1717984-F665-43D2-A395-258BD865DE9C}.Debug|Any CPU.ActiveCfg = Debug|Any CPU
		{B1717984-F665-43D2-A395-258BD865DE9C}.Debug|Any CPU.Build.0 = Debug|Any CPU
		{B1717984-F665-43D2-A395-258BD865DE9C}.Release|Any CPU.ActiveCfg = Release|Any CPU
		{B1717984-F665-43D2-A395-258BD865DE9C}.Release|Any CPU.Build.0 = Release|Any CPU
	EndGlobalSection
	GlobalSection(SolutionProperties) = preSolution
		HideSolutionNode = FALSE
	EndGlobalSection
	GlobalSection(ExtensibilityGlobals) = postSolution
		SolutionGuid = {2F87949B-9698-4BF5-A44E-3E130986ECAA}
	EndGlobalSection
EndGlobal
